
Microsoft Visual Studio Solution File, Format Version 12.00
# Visual Studio Version 18
VisualStudioVersion = 18.6.11716.218
MinimumVisualStudioVersion = 10.0.40219.1
Project("{2150E333-8FDC-42A3-9474-1A3956D46DE8}") = "Infrastructure", "Infrastructure", "{8C406051-1FAC-4D00-8118-624F563014C4}"
EndProject
Project("{2150E333-8FDC-42A3-9474-1A3956D46DE8}") = "Domain", "Domain", "{62758301-1D35-4D13-A560-4F6AA89EBBF9}"
EndProject
Project("{2150E333-8FDC-42A3-9474-1A3956D46DE8}") = "Host", "Host", "{8A46D2BC-C9B9-482F-B310-898AF514FDBD}"
EndProject
Project("{2150E333-8FDC-42A3-9474-1A3956D46DE8}") = "BackgroundServices", "BackgroundServices", "{67CF7156-4700-48F6-9876-C389CEA063F3}"
EndProject
Project("{FAE04EC0-301F-11D3-BF4B-00C04F79EFBC}") = "Yuque.Infrastructure", "Infrastructure\Yuque.Infrastructure.csproj", "{2029D9D2-5668-4F71-9477-8C91EB41546D}"
EndProject
Project("{FAE04EC0-301F-11D3-BF4B-00C04F79EFBC}") = "Yuque.Core", "Domain\Yuque.Core\Yuque.Core.csproj", "{00802C29-AE38-470B-9660-63210FD5EBB3}"
EndProject
Project("{FAE04EC0-301F-11D3-BF4B-00C04F79EFBC}") = "Yuque.EFCore", "Domain\Yuque.EFCore\Yuque.EFCore.csproj", "{FBF09F89-106C-4981-822F-15B4DA8B6DC4}"
EndProject
Project("{FAE04EC0-301F-11D3-BF4B-00C04F79EFBC}") = "Yuque.Excel", "Domain\Yuque.Excel\Yuque.Excel.csproj", "{7B02A53D-FCB8-4084-9EA1-1C02D9F18F47}"
EndProject
Project("{FAE04EC0-301F-11D3-BF4B-00C04F79EFBC}") = "Yuque.RabbitMQ", "Domain\Yuque.RabbitMQ\Yuque.RabbitMQ.csproj", "{CC04D17B-F675-46A5-9123-0F442DEDC0F7}"
EndProject
Project("{FAE04EC0-301F-11D3-BF4B-00C04F79EFBC}") = "Yuque.Redis", "Domain\Yuque.Redis\Yuque.Redis.csproj", "{66F1A21F-3472-4A31-A288-4C66EFA5DCD7}"
EndProject
Project("{FAE04EC0-301F-11D3-BF4B-00C04F79EFBC}") = "Yuque.Serilog", "Domain\Yuque.Serilog\Yuque.Serilog.csproj", "{D08705D2-E8CF-4CC2-A10F-AB259AD90681}"
EndProject
Project("{FAE04EC0-301F-11D3-BF4B-00C04F79EFBC}") = "Yuque.Swagger", "Domain\Yuque.Swagger\Yuque.Swagger.csproj", "{8CBDC243-4E12-41E8-B3E8-1B990802FD71}"
EndProject
Project("{FAE04EC0-301F-11D3-BF4B-00C04F79EFBC}") = "Yuque.WebAPI", "Host\Yuque.WebAPI\Yuque.WebAPI.csproj", "{EED23A11-8589-4397-B7DD-8983894AB2BD}"
EndProject
Project("{FAE04EC0-301F-11D3-BF4B-00C04F79EFBC}") = "Yuque.MQService", "BackgroundServices\Yuque.MQService\Yuque.MQService.csproj", "{6004BF02-B97D-4A85-B078-C73B05DC759F}"
EndProject
Project("{FAE04EC0-301F-11D3-BF4B-00C04F79EFBC}") = "Yuque.PlanTaskService", "BackgroundServices\Yuque.PlanTaskService\Yuque.PlanTaskService.csproj", "{37A40BEF-9886-4C5E-952B-05D58BE22D61}"
EndProject
Global
	GlobalSection(SolutionConfigurationPlatforms) = preSolution
		Debug|Any CPU = Debug|Any CPU
		Release|Any CPU = Release|Any CPU
	EndGlobalSection
	GlobalSection(ProjectConfigurationPlatforms) = postSolution
		{2029D9D2-5668-4F71-9477-8C91EB41546D}.Debug|Any CPU.ActiveCfg = Debug|Any CPU
		{2029D9D2-5668-4F71-9477-8C91EB41546D}.Debug|Any CPU.Build.0 = Debug|Any CPU
		{2029D9D2-5668-4F71-9477-8C91EB41546D}.Release|Any CPU.ActiveCfg = Release|Any CPU
		{2029D9D2-5668-4F71-9477-8C91EB41546D}.Release|Any CPU.Build.0 = Release|Any CPU
		{00802C29-AE38-470B-9660-63210FD5EBB3}.Debug|Any CPU.ActiveCfg = Debug|Any CPU
		{00802C29-AE38-470B-9660-63210FD5EBB3}.Debug|Any CPU.Build.0 = Debug|Any CPU
		{00802C29-AE38-470B-9660-63210FD5EBB3}.Release|Any CPU.ActiveCfg = Release|Any CPU
		{00802C29-AE38-470B-9660-63210FD5EBB3}.Release|Any CPU.Build.0 = Release|Any CPU
		{FBF09F89-106C-4981-822F-15B4DA8B6DC4}.Debug|Any CPU.ActiveCfg = Debug|Any CPU
		{FBF09F89-106C-4981-822F-15B4DA8B6DC4}.Debug|Any CPU.Build.0 = Debug|Any CPU
		{FBF09F89-106C-4981-822F-15B4DA8B6DC4}.Release|Any CPU.ActiveCfg = Release|Any CPU
		{FBF09F89-106C-4981-822F-15B4DA8B6DC4}.Release|Any CPU.Build.0 = Release|Any CPU
		{7B02A53D-FCB8-4084-9EA1-1C02D9F18F47}.Debug|Any CPU.ActiveCfg = Debug|Any CPU
		{7B02A53D-FCB8-4084-9EA1-1C02D9F18F47}.Debug|Any CPU.Build.0 = Debug|Any CPU
		{7B02A53D-FCB8-4084-9EA1-1C02D9F18F47}.Release|Any CPU.ActiveCfg = Release|Any CPU
		{7B02A53D-FCB8-4084-9EA1-1C02D9F18F47}.Release|Any CPU.Build.0 = Release|Any CPU
		{CC04D17B-F675-46A5-9123-0F442DEDC0F7}.Debug|Any CPU.ActiveCfg = Debug|Any CPU
		{CC04D17B-F675-46A5-9123-0F442DEDC0F7}.Debug|Any CPU.Build.0 = Debug|Any CPU
		{CC04D17B-F675-46A5-9123-0F442DEDC0F7}.Release|Any CPU.ActiveCfg = Release|Any CPU
		{CC04D17B-F675-46A5-9123-0F442DEDC0F7}.Release|Any CPU.Build.0 = Release|Any CPU
		{66F1A21F-3472-4A31-A288-4C66EFA5DCD7}.Debug|Any CPU.ActiveCfg = Debug|Any CPU
		{66F1A21F-3472-4A31-A288-4C66EFA5DCD7}.Debug|Any CPU.Build.0 = Debug|Any CPU
		{66F1A21F-3472-4A31-A288-4C66EFA5DCD7}.Release|Any CPU.ActiveCfg = Release|Any CPU
		{66F1A21F-3472-4A31-A288-4C66EFA5DCD7}.Release|Any CPU.Build.0 = Release|Any CPU
		{D08705D2-E8CF-4CC2-A10F-AB259AD90681}.Debug|Any CPU.ActiveCfg = Debug|Any CPU
		{D08705D2-E8CF-4CC2-A10F-AB259AD90681}.Debug|Any CPU.Build.0 = Debug|Any CPU
		{D08705D2-E8CF-4CC2-A10F-AB259AD90681}.Release|Any CPU.ActiveCfg = Release|Any CPU
		{D08705D2-E8CF-4CC2-A10F-AB259AD90681}.Release|Any CPU.Build.0 = Release|Any CPU
		{8CBDC243-4E12-41E8-B3E8-1B990802FD71}.Debug|Any CPU.ActiveCfg = Debug|Any CPU
		{8CBDC243-4E12-41E8-B3E8-1B990802FD71}.Debug|Any CPU.Build.0 = Debug|Any CPU
		{8CBDC243-4E12-41E8-B3E8-1B990802FD71}.Release|Any CPU.ActiveCfg = Release|Any CPU
		{8CBDC243-4E12-41E8-B3E8-1B990802FD71}.Release|Any CPU.Build.0 = Release|Any CPU
		{EED23A11-8589-4397-B7DD-8983894AB2BD}.Debug|Any CPU.ActiveCfg = Debug|Any CPU
		{EED23A11-8589-4397-B7DD-8983894AB2BD}.Debug|Any CPU.Build.0 = Debug|Any CPU
		{EED23A11-8589-4397-B7DD-8983894AB2BD}.Release|Any CPU.ActiveCfg = Release|Any CPU
		{EED23A11-8589-4397-B7DD-8983894AB2BD}.Release|Any CPU.Build.0 = Release|Any CPU
		{6004BF02-B97D-4A85-B078-C73B05DC759F}.Debug|Any CPU.ActiveCfg = Debug|Any CPU
		{6004BF02-B97D-4A85-B078-C73B05DC759F}.Debug|Any CPU.Build.0 = Debug|Any CPU
		{6004BF02-B97D-4A85-B078-C73B05DC759F}.Release|Any CPU.ActiveCfg = Release|Any CPU
		{6004BF02-B97D-4A85-B078-C73B05DC759F}.Release|Any CPU.Build.0 = Release|Any CPU
		{37A40BEF-9886-4C5E-952B-05D58BE22D61}.Debug|Any CPU.ActiveCfg = Debug|Any CPU
		{37A40BEF-9886-4C5E-952B-05D58BE22D61}.Debug|Any CPU.Build.0 = Debug|Any CPU
		{37A40BEF-9886-4C5E-952B-05D58BE22D61}.Release|Any CPU.ActiveCfg = Release|Any CPU
		{37A40BEF-9886-4C5E-952B-05D58BE22D61}.Release|Any CPU.Build.0 = Release|Any CPU
	EndGlobalSection
	GlobalSection(SolutionProperties) = preSolution
		HideSolutionNode = FALSE
	EndGlobalSection
	GlobalSection(NestedProjects) = preSolution
		{2029D9D2-5668-4F71-9477-8C91EB41546D} = {8C406051-1FAC-4D00-8118-624F563014C4}
		{00802C29-AE38-470B-9660-63210FD5EBB3} = {62758301-1D35-4D13-A560-4F6AA89EBBF9}
		{FBF09F89-106C-4981-822F-15B4DA8B6DC4} = {62758301-1D35-4D13-A560-4F6AA89EBBF9}
		{7B02A53D-FCB8-4084-9EA1-1C02D9F18F47} = {62758301-1D35-4D13-A560-4F6AA89EBBF9}
		{CC04D17B-F675-46A5-9123-0F442DEDC0F7} = {62758301-1D35-4D13-A560-4F6AA89EBBF9}
		{66F1A21F-3472-4A31-A288-4C66EFA5DCD7} = {62758301-1D35-4D13-A560-4F6AA89EBBF9}
		{D08705D2-E8CF-4CC2-A10F-AB259AD90681} = {62758301-1D35-4D13-A560-4F6AA89EBBF9}
		{8CBDC243-4E12-41E8-B3E8-1B990802FD71} = {62758301-1D35-4D13-A560-4F6AA89EBBF9}
		{EED23A11-8589-4397-B7DD-8983894AB2BD} = {8A46D2BC-C9B9-482F-B310-898AF514FDBD}
		{6004BF02-B97D-4A85-B078-C73B05DC759F} = {67CF7156-4700-48F6-9876-C389CEA063F3}
		{37A40BEF-9886-4C5E-952B-05D58BE22D61} = {67CF7156-4700-48F6-9876-C389CEA063F3}
	EndGlobalSection
	GlobalSection(ExtensibilityGlobals) = postSolution
		SolutionGuid = {12345678-1234-1234-1234-123456789012}
	EndGlobalSection
EndGlobal
